# @generated - this file is auto-generated by `mise lock` https://mise.jdx.dev/dev-tools/mise-lock.html

lockfile_version = 1

[[tools.go]]
version = "1.27.0"
backend = "core:go"
specifiers = ["1.27.0"]

[tools.go."platforms.macos-arm64"]
checksum = "sha256:90493b3bbd5e10f91d12153198bf1994fd756399b4fec93b49b0c6e2acdeeb3e"
url = "https://dl.google.com/go/go1.27.0.darwin-arm64.tar.gz"

[[tools.node]]
version = "22.23.2"
backend = "core:node"
specifiers = ["22.23.2"]

[tools.node."platforms.macos-arm64"]
checksum = "sha256:61130f394c1630d211dd50aecc4353d379480f36d3ac913cd85dbba1aed585c6"
url = "https://nodejs.org/dist/v22.23.2/node-v22.23.2-darwin-arm64.tar.gz"

[[tools.pnpm]]
version = "10.15.0"
backend = "aqua:pnpm/pnpm"
specifiers = ["10.15.0"]

[tools.pnpm."platforms.macos-arm64"]
checksum = "sha256:9a1ada22d959ad20f5131484fc79d6a096b43249cb6fbf3483d923a9d9e6e186"
url = "https://github.com/pnpm/pnpm/releases/download/v10.15.0/pnpm-macos-arm64"
url_api = "https://api.github.com/repos/pnpm/pnpm/releases/assets/284092587"
